// !$*UTF8*$!
{
	archiveVersion = 1;
	classes = {
	};
	objectVersion = 50;
	objects = {

/* Begin PBXBuildFile section */
		8F8C3C6624BAF6CF0067707F /* BaseRootViewController.swift in Sources */ = {isa = PBXBuildFile; fileRef = 8F8C3C6524BAF6CF0067707F /* BaseRootViewController.swift */; };
		8F8C3C6A24BB0F160067707F /* RootViewController.swift in Sources */ = {isa = PBXBuildFile; fileRef = 8F8C3C6924BB0F160067707F /* RootViewController.swift */; };
		8F94B0BF2442D35E00BBDB44 /* AppDelegate.swift in Sources */ = {isa = PBXBuildFile; fileRef = 8F94B0BE2442D35E00BBDB44 /* AppDelegate.swift */; };
		8F94B0C12442D35E00BBDB44 /* SceneDelegate.swift in Sources */ = {isa = PBXBuildFile; fileRef = 8F94B0C02442D35E00BBDB44 /* SceneDelegate.swift */; };
		8F94B0C32442D35E00BBDB44 /* ParentViewController.swift in Sources */ = {isa = PBXBuildFile; fileRef = 8F94B0C22442D35E00BBDB44 /* ParentViewController.swift */; };
		8F94B0C82442D36000BBDB44 /* Assets.xcassets in Resources */ = {isa = PBXBuildFile; fileRef = 8F94B0C72442D36000BBDB44 /* Assets.xcassets */; };
		8F94B0CB2442D36000BBDB44 /* LaunchScreen.storyboard in Resources */ = {isa = PBXBuildFile; fileRef = 8F94B0C92442D36000BBDB44 /* LaunchScreen.storyboard */; };
		8F94B0F52442F4CD00BBDB44 /* EscapeViewController.swift in Sources */ = {isa = PBXBuildFile; fileRef = 8F94B0F42442F4CD00BBDB44 /* EscapeViewController.swift */; };
/* End PBXBuildFile section */

/* Begin PBXContainerItemProxy section */
		8F94B0D22442D36000BBDB44 /* PBXContainerItemProxy */ = {
			isa = PBXContainerItemProxy;
			containerPortal = 8F94B0B32442D35E00BBDB44 /* Project object */;
			proxyType = 1;
			remoteGlobalIDString = 8F94B0BA2442D35E00BBDB44;
			remoteInfo = ContainerViewWithNavigation;
		};
		8F94B0DD2442D36000BBDB44 /* PBXContainerItemProxy */ = {
			isa = PBXContainerItemProxy;
			containerPortal = 8F94B0B32442D35E00BBDB44 /* Project object */;
			proxyType = 1;
			remoteGlobalIDString = 8F94B0BA2442D35E00BBDB44;
			remoteInfo = ContainerViewWithNavigation;
		};
/* End PBXContainerItemProxy section */

/* Begin PBXFileReference section */
		8F8C3C6524BAF6CF0067707F /* BaseRootViewController.swift */ = {isa = PBXFileReference; lastKnownFileType = sourcecode.swift; path = BaseRootViewController.swift; sourceTree = "<group>"; };
		8F8C3C6924BB0F160067707F /* RootViewController.swift */ = {isa = PBXFileReference; lastKnownFileType = sourcecode.swift; path = RootViewController.swift; sourceTree = "<group>"; };
		8F94B0BB2442D35E00BBDB44 /* SeasonalDog.app */ = {isa = PBXFileReference; explicitFileType = wrapper.application; includeInIndex = 0; path = SeasonalDog.app; sourceTree = BUILT_PRODUCTS_DIR; };
		8F94B0BE2442D35E00BBDB44 /* AppDelegate.swift */ = {isa = PBXFileReference; lastKnownFileType = sourcecode.swift; path = AppDelegate.swift; sourceTree = "<group>"; };
		8F94B0C02442D35E00BBDB44 /* SceneDelegate.swift */ = {isa = PBXFileReference; lastKnownFileType = sourcecode.swift; path = SceneDelegate.swift; sourceTree = "<group>"; };
		8F94B0C22442D35E00BBDB44 /* ParentViewController.swift */ = {isa = PBXFileReference; lastKnownFileType = sourcecode.swift; path = ParentViewController.swift; sourceTree = "<group>"; };
		8F94B0C72442D36000BBDB44 /* Assets.xcassets */ = {isa = PBXFileReference; lastKnownFileType = folder.assetcatalog; path = Assets.xcassets; sourceTree = "<group>"; };
		8F94B0CA2442D36000BBDB44 /* Base */ = {isa = PBXFileReference; lastKnownFileType = file.storyboard; name = Base; path = Base.lproj/LaunchScreen.storyboard; sourceTree = "<group>"; };
		8F94B0CC2442D36000BBDB44 /* Info.plist */ = {isa = PBXFileReference; lastKnownFileType = text.plist.xml; path = Info.plist; sourceTree = "<group>"; };
		8F94B0D12442D36000BBDB44 /* SeasonalDogTests.xctest */ = {isa = PBXFileReference; explicitFileType = wrapper.cfbundle; includeInIndex = 0; path = SeasonalDogTests.xctest; sourceTree = BUILT_PRODUCTS_DIR; };
		8F94B0DC2442D36000BBDB44 /* SeasonalDogUITests.xctest */ = {isa = PBXFileReference; explicitFileType = wrapper.cfbundle; includeInIndex = 0; path = SeasonalDogUITests.xctest; sourceTree = BUILT_PRODUCTS_DIR; };
		8F94B0F42442F4CD00BBDB44 /* EscapeViewController.swift */ = {isa = PBXFileReference; lastKnownFileType = sourcecode.swift; path = EscapeViewController.swift; sourceTree = "<group>"; };
/* End PBXFileReference section */

/* Begin PBXFrameworksBuildPhase section */
		8F94B0B82442D35E00BBDB44 /* Frameworks */ = {
			isa = PBXFrameworksBuildPhase;
			buildActionMask = 2147483647;
			files = (
			);
			runOnlyForDeploymentPostprocessing = 0;
		};
		8F94B0CE2442D36000BBDB44 /* Frameworks */ = {
			isa = PBXFrameworksBuildPhase;
			buildActionMask = 2147483647;
			files = (
			);
			runOnlyForDeploymentPostprocessing = 0;
		};
		8F94B0D92442D36000BBDB44 /* Frameworks */ = {
			isa = PBXFrameworksBuildPhase;
			buildActionMask = 2147483647;
			files = (
			);
			runOnlyForDeploymentPostprocessing = 0;
		};
/* End PBXFrameworksBuildPhase section */

/* Begin PBXGroup section */
		8F8C3C6B24BB1E150067707F /* Applications */ = {
			isa = PBXGroup;
			children = (
				8F94B0BE2442D35E00BBDB44 /* AppDelegate.swift */,
				8F94B0C02442D35E00BBDB44 /* SceneDelegate.swift */,
			);
			path = Applications;
			sourceTree = "<group>";
		};
		8F8C3C6C24BB1E3E0067707F /* ViewControllers */ = {
			isa = PBXGroup;
			children = (
				8F94B0C22442D35E00BBDB44 /* ParentViewController.swift */,
				8F8C3C6524BAF6CF0067707F /* BaseRootViewController.swift */,
				8F8C3C6924BB0F160067707F /* RootViewController.swift */,
				8F94B0F42442F4CD00BBDB44 /* EscapeViewController.swift */,
			);
			path = ViewControllers;
			sourceTree = "<group>";
		};
		8F8C3C6D24BB1EAA0067707F /* Resources */ = {
			isa = PBXGroup;
			children = (
				8F94B0C72442D36000BBDB44 /* Assets.xcassets */,
				8F94B0C92442D36000BBDB44 /* LaunchScreen.storyboard */,
				8F94B0CC2442D36000BBDB44 /* Info.plist */,
			);
			path = Resources;
			sourceTree = "<group>";
		};
		8F94B0B22442D35E00BBDB44 = {
			isa = PBXGroup;
			children = (
				8F94B0BD2442D35E00BBDB44 /* SeasonalDog */,
				8F94B0BC2442D35E00BBDB44 /* Products */,
			);
			sourceTree = "<group>";
		};
		8F94B0BC2442D35E00BBDB44 /* Products */ = {
			isa = PBXGroup;
			children = (
				8F94B0BB2442D35E00BBDB44 /* SeasonalDog.app */,
				8F94B0D12442D36000BBDB44 /* SeasonalDogTests.xctest */,
				8F94B0DC2442D36000BBDB44 /* SeasonalDogUITests.xctest */,
			);
			name = Products;
			sourceTree = "<group>";
		};
		8F94B0BD2442D35E00BBDB44 /* SeasonalDog */ = {
			isa = PBXGroup;
			children = (
				8F8C3C6D24BB1EAA0067707F /* Resources */,
				8F8C3C6C24BB1E3E0067707F /* ViewControllers */,
				8F8C3C6B24BB1E150067707F /* Applications */,
			);
			path = SeasonalDog;
			sourceTree = "<group>";
		};
/* End PBXGroup section */

/* Begin PBXNativeTarget section */
		8F94B0BA2442D35E00BBDB44 /* SeasonalDog */ = {
			isa = PBXNativeTarget;
			buildConfigurationList = 8F94B0E52442D36000BBDB44 /* Build configuration list for PBXNativeTarget "SeasonalDog" */;
			buildPhases = (
				8F94B0B72442D35E00BBDB44 /* Sources */,
				8F94B0B82442D35E00BBDB44 /* Frameworks */,
				8F94B0B92442D35E00BBDB44 /* Resources */,
			);
			buildRules = (
			);
			dependencies = (
			);
			name = SeasonalDog;
			productName = ContainerViewWithNavigation;
			productReference = 8F94B0BB2442D35E00BBDB44 /* SeasonalDog.app */;
			productType = "com.apple.product-type.application";
		};
		8F94B0D02442D36000BBDB44 /* SeasonalDogTests */ = {
			isa = PBXNativeTarget;
			buildConfigurationList = 8F94B0E82442D36000BBDB44 /* Build configuration list for PBXNativeTarget "SeasonalDogTests" */;
			buildPhases = (
				8F94B0CD2442D36000BBDB44 /* Sources */,
				8F94B0CE2442D36000BBDB44 /* Frameworks */,
				8F94B0CF2442D36000BBDB44 /* Resources */,
			);
			buildRules = (
			);
			dependencies = (
				8F94B0D32442D36000BBDB44 /* PBXTargetDependency */,
			);
			name = SeasonalDogTests;
			productName = ContainerViewWithNavigationTests;
			productReference = 8F94B0D12442D36000BBDB44 /* SeasonalDogTests.xctest */;
			productType = "com.apple.product-type.bundle.unit-test";
		};
		8F94B0DB2442D36000BBDB44 /* SeasonalDogUITests */ = {
			isa = PBXNativeTarget;
			buildConfigurationList = 8F94B0EB2442D36000BBDB44 /* Build configuration list for PBXNativeTarget "SeasonalDogUITests" */;
			buildPhases = (
				8F94B0D82442D36000BBDB44 /* Sources */,
				8F94B0D92442D36000BBDB44 /* Frameworks */,
				8F94B0DA2442D36000BBDB44 /* Resources */,
			);
			buildRules = (
			);
			dependencies = (
				8F94B0DE2442D36000BBDB44 /* PBXTargetDependency */,
			);
			name = SeasonalDogUITests;
			productName = ContainerViewWithNavigationUITests;
			productReference = 8F94B0DC2442D36000BBDB44 /* SeasonalDogUITests.xctest */;
			productType = "com.apple.product-type.bundle.ui-testing";
		};
/* End PBXNativeTarget section */

/* Begin PBXProject section */
		8F94B0B32442D35E00BBDB44 /* Project object */ = {
			isa = PBXProject;
			attributes = {
				LastSwiftUpdateCheck = 1140;
				LastUpgradeCheck = 1140;
				ORGANIZATIONNAME = Yefga;
				TargetAttributes = {
					8F94B0BA2442D35E00BBDB44 = {
						CreatedOnToolsVersion = 11.4;
					};
					8F94B0D02442D36000BBDB44 = {
						CreatedOnToolsVersion = 11.4;
						TestTargetID = 8F94B0BA2442D35E00BBDB44;
					};
					8F94B0DB2442D36000BBDB44 = {
						CreatedOnToolsVersion = 11.4;
						TestTargetID = 8F94B0BA2442D35E00BBDB44;
					};
				};
			};
			buildConfigurationList = 8F94B0B62442D35E00BBDB44 /* Build configuration list for PBXProject "SeasonalDog" */;
			compatibilityVersion = "Xcode 9.3";
			developmentRegion = en;
			hasScannedForEncodings = 0;
			knownRegions = (
				en,
				Base,
			);
			mainGroup = 8F94B0B22442D35E00BBDB44;
			productRefGroup = 8F94B0BC2442D35E00BBDB44 /* Products */;
			projectDirPath = "";
			projectRoot = "";
			targets = (
				8F94B0BA2442D35E00BBDB44 /* SeasonalDog */,
				8F94B0D02442D36000BBDB44 /* SeasonalDogTests */,
				8F94B0DB2442D36000BBDB44 /* SeasonalDogUITests */,
			);
		};
/* End PBXProject section */

/* Begin PBXResourcesBuildPhase section */
		8F94B0B92442D35E00BBDB44 /* Resources */ = {
			isa = PBXResourcesBuildPhase;
			buildActionMask = 2147483647;
			files = (
				8F94B0CB2442D36000BBDB44 /* LaunchScreen.storyboard in Resources */,
				8F94B0C82442D36000BBDB44 /* Assets.xcassets in Resources */,
			);
			runOnlyForDeploymentPostprocessing = 0;
		};
		8F94B0CF2442D36000BBDB44 /* Resources */ = {
			isa = PBXResourcesBuildPhase;
			buildActionMask = 2147483647;
			files = (
			);
			runOnlyForDeploymentPostprocessing = 0;
		};
		8F94B0DA2442D36000BBDB44 /* Resources */ = {
			isa = PBXResourcesBuildPhase;
			buildActionMask = 2147483647;
			files = (
			);
			runOnlyForDeploymentPostprocessing = 0;
		};
/* End PBXResourcesBuildPhase section */

/* Begin PBXSourcesBuildPhase section */
		8F94B0B72442D35E00BBDB44 /* Sources */ = {
			isa = PBXSourcesBuildPhase;
			buildActionMask = 2147483647;
			files = (
				8F8C3C6A24BB0F160067707F /* RootViewController.swift in Sources */,
				8F94B0C32442D35E00BBDB44 /* ParentViewController.swift in Sources */,
				8F94B0BF2442D35E00BBDB44 /* AppDelegate.swift in Sources */,
				8F8C3C6624BAF6CF0067707F /* BaseRootViewController.swift in Sources */,
				8F94B0F52442F4CD00BBDB44 /* EscapeViewController.swift in Sources */,
				8F94B0C12442D35E00BBDB44 /* SceneDelegate.swift in Sources */,
			);
			runOnlyForDeploymentPostprocessing = 0;
		};
		8F94B0CD2442D36000BBDB44 /* Sources */ = {
			isa = PBXSourcesBuildPhase;
			buildActionMask = 2147483647;
			files = (
			);
			runOnlyForDeploymentPostprocessing = 0;
		};
		8F94B0D82442D36000BBDB44 /* Sources */ = {
			isa = PBXSourcesBuildPhase;
			buildActionMask = 2147483647;
			files = (
			);
			runOnlyForDeploymentPostprocessing = 0;
		};
/* End PBXSourcesBuildPhase section */

/* Begin PBXTargetDependency section */
		8F94B0D32442D36000BBDB44 /* PBXTargetDependency */ = {
			isa = PBXTargetDependency;
			target = 8F94B0BA2442D35E00BBDB44 /* SeasonalDog */;
			targetProxy = 8F94B0D22442D36000BBDB44 /* PBXContainerItemProxy */;
		};
		8F94B0DE2442D36000BBDB44 /* PBXTargetDependency */ = {
			isa = PBXTargetDependency;
			target = 8F94B0BA2442D35E00BBDB44 /* SeasonalDog */;
			targetProxy = 8F94B0DD2442D36000BBDB44 /* PBXContainerItemProxy */;
		};
/* End PBXTargetDependency section */

/* Begin PBXVariantGroup section */
		8F94B0C92442D36000BBDB44 /* LaunchScreen.storyboard */ = {
			isa = PBXVariantGroup;
			children = (
				8F94B0CA2442D36000BBDB44 /* Base */,
			);
			name = LaunchScreen.storyboard;
			sourceTree = "<group>";
		};
/* End PBXVariantGroup section */

/* Begin XCBuildConfiguration section */
		8F94B0E32442D36000BBDB44 /* Debug */ = {
			isa = XCBuildConfiguration;
			buildSettings = {
				ALWAYS_SEARCH_USER_PATHS = NO;
				CLANG_ANALYZER_NONNULL = YES;
				CLANG_ANALYZER_NUMBER_OBJECT_CONVERSION = YES_AGGRESSIVE;
				CLANG_CXX_LANGUAGE_STANDARD = "gnu++14";
				CLANG_CXX_LIBRARY = "libc++";
				CLANG_ENABLE_MODULES = YES;
				CLANG_ENABLE_OBJC_ARC = YES;
				CLANG_ENABLE_OBJC_WEAK = YES;
				CLANG_WARN_BLOCK_CAPTURE_AUTORELEASING = YES;
				CLANG_WARN_BOOL_CONVERSION = YES;
				CLANG_WARN_COMMA = YES;
				CLANG_WARN_CONSTANT_CONVERSION = YES;
				CLANG_WARN_DEPRECATED_OBJC_IMPLEMENTATIONS = YES;
				CLANG_WARN_DIRECT_OBJC_ISA_USAGE = YES_ERROR;
				CLANG_WARN_DOCUMENTATION_COMMENTS = YES;
				CLANG_WARN_EMPTY_BODY = YES;
				CLANG_WARN_ENUM_CONVERSION = YES;
				CLANG_WARN_INFINITE_RECURSION = YES;
				CLANG_WARN_INT_CONVERSION = YES;
				CLANG_WARN_NON_LITERAL_NULL_CONVERSION = YES;
				CLANG_WARN_OBJC_IMPLICIT_RETAIN_SELF = YES;
				CLANG_WARN_OBJC_LITERAL_CONVERSION = YES;
				CLANG_WARN_OBJC_ROOT_CLASS = YES_ERROR;
				CLANG_WARN_RANGE_LOOP_ANALYSIS = YES;
				CLANG_WARN_STRICT_PROTOTYPES = YES;
				CLANG_WARN_SUSPICIOUS_MOVE = YES;
				CLANG_WARN_UNGUARDED_AVAILABILITY = YES_AGGRESSIVE;
				CLANG_WARN_UNREACHABLE_CODE = YES;
				CLANG_WARN__DUPLICATE_METHOD_MATCH = YES;
				COPY_PHASE_STRIP = NO;
				DEBUG_INFORMATION_FORMAT = dwarf;
				ENABLE_STRICT_OBJC_MSGSEND = YES;
				ENABLE_TESTABILITY = YES;
				GCC_C_LANGUAGE_STANDARD = gnu11;
				GCC_DYNAMIC_NO_PIC = NO;
				GCC_NO_COMMON_BLOCKS = YES;
				GCC_OPTIMIZATION_LEVEL = 0;
				GCC_PREPROCESSOR_DEFINITIONS = (
					"DEBUG=1",
					"$(inherited)",
				);
				GCC_WARN_64_TO_32_BIT_CONVERSION = YES;
				GCC_WARN_ABOUT_RETURN_TYPE = YES_ERROR;
				GCC_WARN_UNDECLARED_SELECTOR = YES;
				GCC_WARN_UNINITIALIZED_AUTOS = YES_AGGRESSIVE;
				GCC_WARN_UNUSED_FUNCTION = YES;
				GCC_WARN_UNUSED_VARIABLE = YES;
				IPHONEOS_DEPLOYMENT_TARGET = 13.4;
				MTL_ENABLE_DEBUG_INFO = INCLUDE_SOURCE;
				MTL_FAST_MATH = YES;
				ONLY_ACTIVE_ARCH = YES;
				SDKROOT = iphoneos;
				SWIFT_ACTIVE_COMPILATION_CONDITIONS = DEBUG;
				SWIFT_OPTIMIZATION_LEVEL = "-Onone";
			};
			name = Debug;
		};
		8F94B0E42442D36000BBDB44 /* Release */ = {
			isa = XCBuildConfiguration;
			buildSettings = {
				ALWAYS_SEARCH_USER_PATHS = NO;
				CLANG_ANALYZER_NONNULL = YES;
				CLANG_ANALYZER_NUMBER_OBJECT_CONVERSION = YES_AGGRESSIVE;
				CLANG_CXX_LANGUAGE_STANDARD = "gnu++14";
				CLANG_CXX_LIBRARY = "libc++";
				CLANG_ENABLE_MODULES = YES;
				CLANG_ENABLE_OBJC_ARC = YES;
				CLANG_ENABLE_OBJC_WEAK = YES;
				CLANG_WARN_BLOCK_CAPTURE_AUTORELEASING = YES;
				CLANG_WARN_BOOL_CONVERSION = YES;
				CLANG_WARN_COMMA = YES;
				CLANG_WARN_CONSTANT_CONVERSION = YES;
				CLANG_WARN_DEPRECATED_OBJC_IMPLEMENTATIONS = YES;
				CLANG_WARN_DIRECT_OBJC_ISA_USAGE = YES_ERROR;
				CLANG_WARN_DOCUMENTATION_COMMENTS = YES;
				CLANG_WARN_EMPTY_BODY = YES;
				CLANG_WARN_ENUM_CONVERSION = YES;
				CLANG_WARN_INFINITE_RECURSION = YES;
				CLANG_WARN_INT_CONVERSION = YES;
				CLANG_WARN_NON_LITERAL_NULL_CONVERSION = YES;
				CLANG_WARN_OBJC_IMPLICIT_RETAIN_SELF = YES;
				CLANG_WARN_OBJC_LITERAL_CONVERSION = YES;
				CLANG_WARN_OBJC_ROOT_CLASS = YES_ERROR;
				CLANG_WARN_RANGE_LOOP_ANALYSIS = YES;
				CLANG_WARN_STRICT_PROTOTYPES = YES;
				CLANG_WARN_SUSPICIOUS_MOVE = YES;
				CLANG_WARN_UNGUARDED_AVAILABILITY = YES_AGGRESSIVE;
				CLANG_WARN_UNREACHABLE_CODE = YES;
				CLANG_WARN__DUPLICATE_METHOD_MATCH = YES;
				COPY_PHASE_STRIP = NO;
				DEBUG_INFORMATION_FORMAT = "dwarf-with-dsym";
				ENABLE_NS_ASSERTIONS = NO;
				ENABLE_STRICT_OBJC_MSGSEND = YES;
				GCC_C_LANGUAGE_STANDARD = gnu11;
				GCC_NO_COMMON_BLOCKS = YES;
				GCC_WARN_64_TO_32_BIT_CONVERSION = YES;
				GCC_WARN_ABOUT_RETURN_TYPE = YES_ERROR;
				GCC_WARN_UNDECLARED_SELECTOR = YES;
				GCC_WARN_UNINITIALIZED_AUTOS = YES_AGGRESSIVE;
				GCC_WARN_UNUSED_FUNCTION = YES;
				GCC_WARN_UNUSED_VARIABLE = YES;
				IPHONEOS_DEPLOYMENT_TARGET = 13.4;
				MTL_ENABLE_DEBUG_INFO = NO;
				MTL_FAST_MATH = YES;
				SDKROOT = iphoneos;
				SWIFT_COMPILATION_MODE = wholemodule;
				SWIFT_OPTIMIZATION_LEVEL = "-O";
				VALIDATE_PRODUCT = YES;
			};
			name = Release;
		};
		8F94B0E62442D36000BBDB44 /* Debug */ = {
			isa = XCBuildConfiguration;
			buildSettings = {
				ASSETCATALOG_COMPILER_APPICON_NAME = AppIcon;
				CODE_SIGN_STYLE = Automatic;
				INFOPLIST_FILE = "$(SRCROOT)/SeasonalDog/Resources/Info.plist";
				LD_RUNPATH_SEARCH_PATHS = (
					"$(inherited)",
					"@executable_path/Frameworks",
				);
				PRODUCT_BUNDLE_IDENTIFIER = com.yefga.ContainerViewWithNavigation.ContainerViewWithNavigation;
				PRODUCT_NAME = "$(TARGET_NAME)";
				SWIFT_VERSION = 5.0;
				TARGETED_DEVICE_FAMILY = "1,2";
			};
			name = Debug;
		};
		8F94B0E72442D36000BBDB44 /* Release */ = {
			isa = XCBuildConfiguration;
			buildSettings = {
				ASSETCATALOG_COMPILER_APPICON_NAME = AppIcon;
				CODE_SIGN_STYLE = Automatic;
				INFOPLIST_FILE = "$(SRCROOT)/SeasonalDog/Resources/Info.plist";
				LD_RUNPATH_SEARCH_PATHS = (
					"$(inherited)",
					"@executable_path/Frameworks",
				);
				PRODUCT_BUNDLE_IDENTIFIER = com.yefga.ContainerViewWithNavigation.ContainerViewWithNavigation;
				PRODUCT_NAME = "$(TARGET_NAME)";
				SWIFT_VERSION = 5.0;
				TARGETED_DEVICE_FAMILY = "1,2";
			};
			name = Release;
		};
		8F94B0E92442D36000BBDB44 /* Debug */ = {
			isa = XCBuildConfiguration;
			buildSettings = {
				ALWAYS_EMBED_SWIFT_STANDARD_LIBRARIES = YES;
				BUNDLE_LOADER = "$(TEST_HOST)";
				CODE_SIGN_STYLE = Automatic;
				INFOPLIST_FILE = ContainerViewWithNavigationTests/Info.plist;
				IPHONEOS_DEPLOYMENT_TARGET = 13.4;
				LD_RUNPATH_SEARCH_PATHS = (
					"$(inherited)",
					"@executable_path/Frameworks",
					"@loader_path/Frameworks",
				);
				PRODUCT_BUNDLE_IDENTIFIER = com.yefga.ContainerViewWithNavigation.ContainerViewWithNavigationTests;
				PRODUCT_NAME = "$(TARGET_NAME)";
				SWIFT_VERSION = 5.0;
				TARGETED_DEVICE_FAMILY = "1,2";
				TEST_HOST = "$(BUILT_PRODUCTS_DIR)/SeasonalDog.app/SeasonalDog";
			};
			name = Debug;
		};
		8F94B0EA2442D36000BBDB44 /* Release */ = {
			isa = XCBuildConfiguration;
			buildSettings = {
				ALWAYS_EMBED_SWIFT_STANDARD_LIBRARIES = YES;
				BUNDLE_LOADER = "$(TEST_HOST)";
				CODE_SIGN_STYLE = Automatic;
				INFOPLIST_FILE = ContainerViewWithNavigationTests/Info.plist;
				IPHONEOS_DEPLOYMENT_TARGET = 13.4;
				LD_RUNPATH_SEARCH_PATHS = (
					"$(inherited)",
					"@executable_path/Frameworks",
					"@loader_path/Frameworks",
				);
				PRODUCT_BUNDLE_IDENTIFIER = com.yefga.ContainerViewWithNavigation.ContainerViewWithNavigationTests;
				PRODUCT_NAME = "$(TARGET_NAME)";
				SWIFT_VERSION = 5.0;
				TARGETED_DEVICE_FAMILY = "1,2";
				TEST_HOST = "$(BUILT_PRODUCTS_DIR)/SeasonalDog.app/SeasonalDog";
			};
			name = Release;
		};
		8F94B0EC2442D36000BBDB44 /* Debug */ = {
			isa = XCBuildConfiguration;
			buildSettings = {
				ALWAYS_EMBED_SWIFT_STANDARD_LIBRARIES = YES;
				CODE_SIGN_STYLE = Automatic;
				INFOPLIST_FILE = ContainerViewWithNavigationUITests/Info.plist;
				LD_RUNPATH_SEARCH_PATHS = (
					"$(inherited)",
					"@executable_path/Frameworks",
					"@loader_path/Frameworks",
				);
				PRODUCT_BUNDLE_IDENTIFIER = com.yefga.ContainerViewWithNavigation.ContainerViewWithNavigationUITests;
				PRODUCT_NAME = "$(TARGET_NAME)";
				SWIFT_VERSION = 5.0;
				TARGETED_DEVICE_FAMILY = "1,2";
				TEST_TARGET_NAME = ContainerViewWithNavigation;
			};
			name = Debug;
		};
		8F94B0ED2442D36000BBDB44 /* Release */ = {
			isa = XCBuildConfiguration;
			buildSettings = {
				ALWAYS_EMBED_SWIFT_STANDARD_LIBRARIES = YES;
				CODE_SIGN_STYLE = Automatic;
				INFOPLIST_FILE = ContainerViewWithNavigationUITests/Info.plist;
				LD_RUNPATH_SEARCH_PATHS = (
					"$(inherited)",
					"@executable_path/Frameworks",
					"@loader_path/Frameworks",
				);
				PRODUCT_BUNDLE_IDENTIFIER = com.yefga.ContainerViewWithNavigation.ContainerViewWithNavigationUITests;
				PRODUCT_NAME = "$(TARGET_NAME)";
				SWIFT_VERSION = 5.0;
				TARGETED_DEVICE_FAMILY = "1,2";
				TEST_TARGET_NAME = ContainerViewWithNavigation;
			};
			name = Release;
		};
/* End XCBuildConfiguration section */

/* Begin XCConfigurationList section */
		8F94B0B62442D35E00BBDB44 /* Build configuration list for PBXProject "SeasonalDog" */ = {
			isa = XCConfigurationList;
			buildConfigurations = (
				8F94B0E32442D36000BBDB44 /* Debug */,
				8F94B0E42442D36000BBDB44 /* Release */,
			);
			defaultConfigurationIsVisible = 0;
			defaultConfigurationName = Release;
		};
		8F94B0E52442D36000BBDB44 /* Build configuration list for PBXNativeTarget "SeasonalDog" */ = {
			isa = XCConfigurationList;
			buildConfigurations = (
				8F94B0E62442D36000BBDB44 /* Debug */,
				8F94B0E72442D36000BBDB44 /* Release */,
			);
			defaultConfigurationIsVisible = 0;
			defaultConfigurationName = Release;
		};
		8F94B0E82442D36000BBDB44 /* Build configuration list for PBXNativeTarget "SeasonalDogTests" */ = {
			isa = XCConfigurationList;
			buildConfigurations = (
				8F94B0E92442D36000BBDB44 /* Debug */,
				8F94B0EA2442D36000BBDB44 /* Release */,
			);
			defaultConfigurationIsVisible = 0;
			defaultConfigurationName = Release;
		};
		8F94B0EB2442D36000BBDB44 /* Build configuration list for PBXNativeTarget "SeasonalDogUITests" */ = {
			isa = XCConfigurationList;
			buildConfigurations = (
				8F94B0EC2442D36000BBDB44 /* Debug */,
				8F94B0ED2442D36000BBDB44 /* Release */,
			);
			defaultConfigurationIsVisible = 0;
			defaultConfigurationName = Release;
		};
/* End XCConfigurationList section */
	};
	rootObject = 8F94B0B32442D35E00BBDB44 /* Project object */;
}
